
Microsoft Visual Studio Solution File, Format Version 12.00
# Visual Studio 15
VisualStudioVersion = 15.0.26730.16
MinimumVisualStudioVersion = 10.0.40219.1
Project("{9A19103F-16F7-4668-BE54-9A1E7A4F7556}") = "Ratings.API", "Ratings.API\Ratings.API.csproj", "{54A76505-A1FB-4D75-9B27-8C079308D793}"
EndProject
Project("{9A19103F-16F7-4668-BE54-9A1E7A4F7556}") = "Ratings.Interfaces", "Ratings.Interfaces\Ratings.Interfaces.csproj", "{179972E7-ED81-4220-9037-56D0FEDB36FA}"
EndProject
Project("{9A19103F-16F7-4668-BE54-9A1E7A4F7556}") = "Ratings.Services", "Ratings.Services\Ratings.Services.csproj", "{B33CDCF5-2C56-47F1-9363-02917ACA2237}"
EndProject
Project("{9A19103F-16F7-4668-BE54-9A1E7A4F7556}") = "TestConsole", "TestConsole\TestConsole.csproj", "{EDF49DE6-6B27-4902-A603-F80490FEA6A9}"
EndProject
Project("{9A19103F-16F7-4668-BE54-9A1E7A4F7556}") = "Ratings.Services.Tests", "Ratings.Services.Tests\Ratings.Services.Tests.csproj", "{31FEDD29-A9E4-40B3-BF50-D274BF43D39C}"
EndProject
Project("{9A19103F-16F7-4668-BE54-9A1E7A4F7556}") = "Ratings.Domain", "Ratings.Domain\Ratings.Domain.csproj", "{B008EF8E-5401-409D-832E-5CF989E885AA}"
EndProject
Global
	GlobalSection(SolutionConfigurationPlatforms) = preSolution
		Debug|Any CPU = Debug|Any CPU
		Release|Any CPU = Release|Any CPU
	EndGlobalSection
	GlobalSection(ProjectConfigurationPlatforms) = postSolution
		{54A76505-A1FB-4D75-9B27-8C079308D793}.Debug|Any CPU.ActiveCfg = Debug|Any CPU
		{54A76505-A1FB-4D75-9B27-8C079308D793}.Debug|Any CPU.Build.0 = Debug|Any CPU
		{54A76505-A1FB-4D75-9B27-8C079308D793}.Release|Any CPU.ActiveCfg = Release|Any CPU
		{54A76505-A1FB-4D75-9B27-8C079308D793}.Release|Any CPU.Build.0 = Release|Any CPU
		{179972E7-ED81-4220-9037-56D0FEDB36FA}.Debug|Any CPU.ActiveCfg = Debug|Any CPU
		{179972E7-ED81-4220-9037-56D0FEDB36FA}.Debug|Any CPU.Build.0 = Debug|Any CPU
		{179972E7-ED81-4220-9037-56D0FEDB36FA}.Release|Any CPU.ActiveCfg = Release|Any CPU
		{179972E7-ED81-4220-9037-56D0FEDB36FA}.Release|Any CPU.Build.0 = Release|Any CPU
		{B33CDCF5-2C56-47F1-9363-02917ACA2237}.Debug|Any CPU.ActiveCfg = Debug|Any CPU
		{B33CDCF5-2C56-47F1-9363-02917ACA2237}.Debug|Any CPU.Build.0 = Debug|Any CPU
		{B33CDCF5-2C56-47F1-9363-02917ACA2237}.Release|Any CPU.ActiveCfg = Release|Any CPU
		{B33CDCF5-2C56-47F1-9363-02917ACA2237}.Release|Any CPU.Build.0 = Release|Any CPU
		{EDF49DE6-6B27-4902-A603-F80490FEA6A9}.Debug|Any CPU.ActiveCfg = Debug|Any CPU
		{EDF49DE6-6B27-4902-A603-F80490FEA6A9}.Debug|Any CPU.Build.0 = Debug|Any CPU
		{EDF49DE6-6B27-4902-A603-F80490FEA6A9}.Release|Any CPU.ActiveCfg = Release|Any CPU
		{EDF49DE6-6B27-4902-A603-F80490FEA6A9}.Release|Any CPU.Build.0 = Release|Any CPU
		{31FEDD29-A9E4-40B3-BF50-D274BF43D39C}.Debug|Any CPU.ActiveCfg = Debug|Any CPU
		{31FEDD29-A9E4-40B3-BF50-D274BF43D39C}.Debug|Any CPU.Build.0 = Debug|Any CPU
		{31FEDD29-A9E4-40B3-BF50-D274BF43D39C}.Release|Any CPU.ActiveCfg = Release|Any CPU
		{31FEDD29-A9E4-40B3-BF50-D274BF43D39C}.Release|Any CPU.Build.0 = Release|Any CPU
		{B008EF8E-5401-409D-832E-5CF989E885AA}.Debug|Any CPU.ActiveCfg = Debug|Any CPU
		{B008EF8E-5401-409D-832E-5CF989E885AA}.Debug|Any CPU.Build.0 = Debug|Any CPU
		{B008EF8E-5401-409D-832E-5CF989E885AA}.Release|Any CPU.ActiveCfg = Release|Any CPU
		{B008EF8E-5401-409D-832E-5CF989E885AA}.Release|Any CPU.Build.0 = Release|Any CPU
	EndGlobalSection
	GlobalSection(SolutionProperties) = preSolution
		HideSolutionNode = FALSE
	EndGlobalSection
	GlobalSection(ExtensibilityGlobals) = postSolution
		SolutionGuid = {BE5378CB-A26A-4FD0-8CCD-82A5553D67A8}
	EndGlobalSection
EndGlobal
